{
  "nodes": {
    "nixpkgs": {
      "locked": {
        "lastModified": 1690887328,
        "narHash": "sha256-G/W/wWRU3YS8F485OTI7srCz8NJVlIIlQZ9OFjdPKFg=",
        "owner": "serokell",
        "repo": "nixpkgs",
        "rev": "998da51f6857c912aca93c51285cbf234f93c80b",
        "type": "github"
      },
      "original": {
        "owner": "serokell",
        "ref": "master",
        "repo": "nixpkgs",
        "type": "github"
      }
    },
    "root": {
      "inputs": {
        "nixpkgs": "nixpkgs"
      }
    }
  },
  "root": "root",
  "version": 7
}
